
Microsoft Visual Studio Solution File, Format Version 12.00
# Visual Studio Version 16
VisualStudioVersion = 16.0.33214.272
MinimumVisualStudioVersion = 10.0.40219.1
Project("{FAE04EC0-301F-11D3-BF4B-00C04F79EFBC}") = "NewProject-HelloWorld", "NewProject-HelloWorld\NewProject-HelloWorld.csproj", "{C29A9F29-E5AF-4B53-90F2-CBB269A2FDD5}"
EndProject
Global
	GlobalSection(SolutionConfigurationPlatforms) = preSolution
		Debug|Any CPU = Debug|Any CPU
		Release|Any CPU = Release|Any CPU
	EndGlobalSection
	GlobalSection(ProjectConfigurationPlatforms) = postSolution
		{C29A9F29-E5AF-4B53-90F2-CBB269A2FDD5}.Debug|Any CPU.ActiveCfg = Debug|Any CPU
		{C29A9F29-E5AF-4B53-90F2-CBB269A2FDD5}.Debug|Any CPU.Build.0 = Debug|Any CPU
		{C29A9F29-E5AF-4B53-90F2-CBB269A2FDD5}.Release|Any CPU.ActiveCfg = Release|Any CPU
		{C29A9F29-E5AF-4B53-90F2-CBB269A2FDD5}.Release|Any CPU.Build.0 = Release|Any CPU
	EndGlobalSection
	GlobalSection(SolutionProperties) = preSolution
		HideSolutionNode = FALSE
	EndGlobalSection
	GlobalSection(ExtensibilityGlobals) = postSolution
		SolutionGuid = {2DB85357-0B32-4C37-AB6C-BC1AF1F4DFAF}
	EndGlobalSection
EndGlobal
